name = "harryxchen3/ecr_template"
version = "0.1.0"
target = "roblox"

[overrides."ebba>ecr"]
repo = "https://github.com/centau/ecr.git"
rev = "b80288f"

[overrides."ebba>vide,ebba>pebble>vide"]
repo = "https://github.com/centau/vide.git"
rev = "caa9eaf"

[graph."wally#alicesaidhi/ebba"."0.2.0-rc.1 roblox"]
direct = ["ebba", { repo = "https://github.com/alicesaidhi/jabby.git", rev = "52b2018" }, "standard"]
resolved_ty = "standard"

[graph."wally#alicesaidhi/ebba"."0.2.0-rc.1 roblox".target]
environment = "roblox"
lib = 'src\init.luau'
build_files = []

[graph."wally#alicesaidhi/ebba"."0.2.0-rc.1 roblox".dependencies]
"wally#alicesaidhi/pebble" = ["0.1.0-rc.9 roblox", "pebble"]
"wally#centau/ecr" = ["0.8.0 roblox", "ecr"]
"wally#centau/vide" = ["0.3.1 roblox", "vide"]
"wally#corecii/greentea" = ["0.4.10 roblox", "t"]

[graph."wally#alicesaidhi/ebba"."0.2.0-rc.1 roblox".pkg_ref]
ref_ty = "git"
repo = "https://github.com/alicesaidhi/jabby.git"
tree_id = "36141a49387faf6fb4deccfc5cabe3210e8a62b5"
new_structure = false

[graph."wally#alicesaidhi/ebba"."0.2.0-rc.1 roblox".pkg_ref.dependencies]
ecr = [{ wally = "wally#centau/ecr", version = "^0.8.0", index = "https://github.com/UpliftGames/wally-index" }, "standard"]
pebble = [{ wally = "wally#alicesaidhi/pebble", version = "^0.1.0-rc.9", index = "https://github.com/UpliftGames/wally-index" }, "standard"]
t = [{ wally = "wally#corecii/greentea", version = "^0.4.7", index = "https://github.com/UpliftGames/wally-index" }, "standard"]
vide = [{ wally = "wally#centau/vide", version = "^0.3.1", index = "https://github.com/UpliftGames/wally-index" }, "standard"]

[graph."wally#alicesaidhi/pebble"."0.1.0-rc.9 roblox"]
resolved_ty = "standard"

[graph."wally#alicesaidhi/pebble"."0.1.0-rc.9 roblox".target]
environment = "roblox"
lib = 'src\init.luau'
build_files = []

[graph."wally#alicesaidhi/pebble"."0.1.0-rc.9 roblox".dependencies]
"wally#centau/vide" = ["0.3.1 roblox", "vide"]

[graph."wally#alicesaidhi/pebble"."0.1.0-rc.9 roblox".pkg_ref]
ref_ty = "wally"
wally = "wally#alicesaidhi/pebble"
version = "0.1.0-rc.9"
index_url = "https://github.com/UpliftGames/wally-index"

[graph."wally#alicesaidhi/pebble"."0.1.0-rc.9 roblox".pkg_ref.dependencies]
vide = [{ wally = "wally#centau/vide", version = ">=0.3.1, <0.4.0", index = "https://github.com/UpliftGames/wally-index" }, "standard"]

[graph."wally#centau/ecr"."0.8.0 roblox"]
direct = ["ecr", { repo = "https://github.com/centau/ecr.git", rev = "b80288f" }, "standard"]
resolved_ty = "standard"

[graph."wally#centau/ecr"."0.8.0 roblox".target]
environment = "roblox"
lib = "src/ecr.luau"
build_files = []

[graph."wally#centau/ecr"."0.8.0 roblox".pkg_ref]
ref_ty = "git"
repo = "https://github.com/centau/ecr.git"
tree_id = "8a3208f9fbf8f9dc30d5e118c7af6ec1733c42a6"
new_structure = false

[graph."wally#centau/vide"."0.3.1 roblox"]
direct = ["vide", { repo = "https://github.com/centau/vide.git", rev = "caa9eaf" }, "standard"]
resolved_ty = "standard"

[graph."wally#centau/vide"."0.3.1 roblox".target]
environment = "roblox"
lib = 'src\init.luau'
build_files = []

[graph."wally#centau/vide"."0.3.1 roblox".pkg_ref]
ref_ty = "git"
repo = "https://github.com/centau/vide.git"
tree_id = "ac01f77b9a5190dbed65ff24871670fc164c86c2"
new_structure = false

[graph."wally#corecii/greentea"."0.4.10 roblox"]
resolved_ty = "standard"

[graph."wally#corecii/greentea"."0.4.10 roblox".target]
environment = "roblox"
lib = 'src\init.luau'
build_files = []

[graph."wally#corecii/greentea"."0.4.10 roblox".pkg_ref]
ref_ty = "wally"
wally = "wally#corecii/greentea"
version = "0.4.10"
index_url = "https://github.com/UpliftGames/wally-index"

[graph."wally#corecii/greentea"."0.4.10 roblox".pkg_ref.dependencies]
Jest = [{ wally = "wally#jsdotlua/jest", version = ">=3.6.1-rc.2, <4.0.0", index = "https://github.com/UpliftGames/wally-index" }, "dev"]
JestGlobals = [{ wally = "wally#jsdotlua/jest-globals", version = ">=3.6.1-rc.2, <4.0.0", index = "https://github.com/UpliftGames/wally-index" }, "dev"]
RegExp = [{ wally = "wally#jsdotlua/luau-regexp", version = ">=0.2.1, <0.3.0", index = "https://github.com/UpliftGames/wally-index" }, "dev"]
_jest-roblox-shared = [{ wally = "wally#jsdotlua/jest-roblox-shared", version = ">=3.6.1-rc.2, <4.0.0", index = "https://github.com/UpliftGames/wally-index" }, "dev"]
